
Microsoft Visual Studio Solution File, Format Version 12.00
# Visual Studio Version 17
VisualStudioVersion = 17.10.34814.14
MinimumVisualStudioVersion = 10.0.40219.1
Project("{9A19103F-16F7-4668-BE54-9A1E7A4F7556}") = "Maui-Layouts-Studies", "Maui-Layouts-Studies.csproj", "{E0A80998-3B00-49A1-8F53-2AE478F23981}"
EndProject
Global
	GlobalSection(SolutionConfigurationPlatforms) = preSolution
		Debug|Any CPU = Debug|Any CPU
		Release|Any CPU = Release|Any CPU
	EndGlobalSection
	GlobalSection(ProjectConfigurationPlatforms) = postSolution
		{E0A80998-3B00-49A1-8F53-2AE478F23981}.Debug|Any CPU.ActiveCfg = Debug|Any CPU
		{E0A80998-3B00-49A1-8F53-2AE478F23981}.Debug|Any CPU.Build.0 = Debug|Any CPU
		{E0A80998-3B00-49A1-8F53-2AE478F23981}.Debug|Any CPU.Deploy.0 = Debug|Any CPU
		{E0A80998-3B00-49A1-8F53-2AE478F23981}.Release|Any CPU.ActiveCfg = Release|Any CPU
		{E0A80998-3B00-49A1-8F53-2AE478F23981}.Release|Any CPU.Build.0 = Release|Any CPU
		{E0A80998-3B00-49A1-8F53-2AE478F23981}.Release|Any CPU.Deploy.0 = Release|Any CPU
	EndGlobalSection
	GlobalSection(SolutionProperties) = preSolution
		HideSolutionNode = FALSE
	EndGlobalSection
	GlobalSection(ExtensibilityGlobals) = postSolution
		SolutionGuid = {F59C086B-650A-478A-A071-7CEC7296207A}
	EndGlobalSection
EndGlobal
